
Microsoft Visual Studio Solution File, Format Version 12.00
# Visual Studio Version 17
VisualStudioVersion = 17.8.34219.65
MinimumVisualStudioVersion = 10.0.40219.1
Project("{FAE04EC0-301F-11D3-BF4B-00C04F79EFBC}") = "EFCoreWebApi", "EFCoreWebApi\EFCoreWebApi.csproj", "{2F374872-25A7-476D-A3F5-32A3C7BB983F}"
EndProject
Global
	GlobalSection(SolutionConfigurationPlatforms) = preSolution
		Debug|Any CPU = Debug|Any CPU
		Release|Any CPU = Release|Any CPU
	EndGlobalSection
	GlobalSection(ProjectConfigurationPlatforms) = postSolution
		{2F374872-25A7-476D-A3F5-32A3C7BB983F}.Debug|Any CPU.ActiveCfg = Debug|Any CPU
		{2F374872-25A7-476D-A3F5-32A3C7BB983F}.Debug|Any CPU.Build.0 = Debug|Any CPU
		{2F374872-25A7-476D-A3F5-32A3C7BB983F}.Release|Any CPU.ActiveCfg = Release|Any CPU
		{2F374872-25A7-476D-A3F5-32A3C7BB983F}.Release|Any CPU.Build.0 = Release|Any CPU
	EndGlobalSection
	GlobalSection(SolutionProperties) = preSolution
		HideSolutionNode = FALSE
	EndGlobalSection
	GlobalSection(ExtensibilityGlobals) = postSolution
		SolutionGuid = {DBC5AD16-D698-4B55-9A5A-8391C650885B}
	EndGlobalSection
EndGlobal
